{
    "_meta": {
        "hash": {
            "sha256": "33426fef390a2acbc7823e3ef51278c4445d36b32d5ea235184145c509c13984"
        },
        "pipfile-spec": 6,
        "requires": {
            "python_version": "3.8"
        },
        "sources": [
            {
                "name": "pypi",
                "url": "https://pypi.org/simple",
                "verify_ssl": true
            }
        ]
    },
    "default": {
        "asgiref": {
            "hashes": [
                "sha256:4ef1ab46b484e3c706329cedeff284a5d40824200638503f5768edb6de7d58e9",
                "sha256:ffc141aa908e6f175673e7b1b3b7af4fdb0ecb738fc5c8b88f69f055c2415214"
            ],
            "markers": "python_version >= '3.6'",
            "version": "==3.4.1"
        },
        "coverage": {
            "hashes": [
                "sha256:046647b96969fda1ae0605f61288635209dd69dcd27ba3ec0bf5148bc157f954",
                "sha256:06d009e8a29483cbc0520665bc46035ffe9ae0e7484a49f9782c2a716e37d0a0",
                "sha256:0cde7d9fe2fb55ff68ebe7fb319ef188e9b88e0a3d1c9c5db7dd829cd93d2193",
                "sha256:1de9c6f5039ee2b1860b7bad2c7bc3651fbeb9368e4c4d93e98a76358cdcb052",
                "sha256:24ed38ec86754c4d5a706fbd5b52b057c3df87901a8610d7e5642a08ec07087e",
                "sha256:27a3df08a855522dfef8b8635f58bab81341b2fb5f447819bc252da3aa4cf44c",
                "sha256:310c40bed6b626fd1f463e5a83dba19a61c4eb74e1ac0d07d454ebbdf9047e9d",
                "sha256:3348865798c077c695cae00da0924136bb5cc501f236cfd6b6d9f7a3c94e0ec4",
                "sha256:35b246ae3a2c042dc8f410c94bcb9754b18179cdb81ff9477a9089dbc9ecc186",
                "sha256:3f546f48d5d80a90a266769aa613bc0719cb3e9c2ef3529d53f463996dd15a9d",
                "sha256:586d38dfc7da4a87f5816b203ff06dd7c1bb5b16211ccaa0e9788a8da2b93696",
                "sha256:5d3855d5d26292539861f5ced2ed042fc2aa33a12f80e487053aed3bcb6ced13",
                "sha256:610c0ba11da8de3a753dc4b1f71894f9f9debfdde6559599f303286e70aeb0c2",
                "sha256:62646d98cf0381ffda301a816d6ac6c35fc97aa81b09c4c52d66a15c4bef9d7c",
                "sha256:66af99c7f7b64d050d37e795baadf515b4561124f25aae6e1baa482438ecc388",
                "sha256:675adb3b3380967806b3cbb9c5b00ceb29b1c472692100a338730c1d3e59c8b9",
                "sha256:6e5a8c947a2a89c56655ecbb789458a3a8e3b0cbf4c04250331df8f647b3de59",
                "sha256:7a39590d1e6acf6a3c435c5d233f72f5d43b585f5be834cff1f21fec4afda225",
                "sha256:80cb70264e9a1d04b519cdba3cd0dc42847bf8e982a4d55c769b9b0ee7cdce1e",
                "sha256:82fdcb64bf08aa5db881db061d96db102c77397a570fbc112e21c48a4d9cb31b",
                "sha256:8492d37acdc07a6eac6489f6c1954026f2260a85a4c2bb1e343fe3d35f5ee21a",
                "sha256:94f558f8555e79c48c422045f252ef41eb43becdd945e9c775b45ebfc0cbd78f",
                "sha256:958ac66272ff20e63d818627216e3d7412fdf68a2d25787b89a5c6f1eb7fdd93",
                "sha256:95a58336aa111af54baa451c33266a8774780242cab3704b7698d5e514840758",
                "sha256:96129e41405887a53a9cc564f960d7f853cc63d178f3a182fdd302e4cab2745b",
                "sha256:97ef6e9119bd39d60ef7b9cd5deea2b34869c9f0b9777450a7e3759c1ab09b9b",
                "sha256:98d44a8136eebbf544ad91fef5bd2b20ef0c9b459c65a833c923d9aa4546b204",
                "sha256:9d2c2e3ce7b8cc932a2f918186964bd44de8c84e2f9ef72dc616f5bb8be22e71",
                "sha256:a300b39c3d5905686c75a369d2a66e68fd01472ea42e16b38c948bd02b29e5bd",
                "sha256:a34fccb45f7b2d890183a263578d60a392a1a218fdc12f5bce1477a6a68d4373",
                "sha256:a4d48e42e17d3de212f9af44f81ab73b9378a4b2b8413fd708d0d9023f2bbde4",
                "sha256:af45eea024c0e3a25462fade161afab4f0d9d9e0d5a5d53e86149f74f0a35ecc",
                "sha256:ba6125d4e55c0b8e913dad27b22722eac7abdcb1f3eab1bd090eee9105660266",
                "sha256:bc1ee1318f703bc6c971da700d74466e9b86e0c443eb85983fb2a1bd20447263",
                "sha256:c18725f3cffe96732ef96f3de1939d81215fd6d7d64900dcc4acfe514ea4fcbf",
                "sha256:c8e9c4bcaaaa932be581b3d8b88b677489975f845f7714efc8cce77568b6711c",
                "sha256:cc799916b618ec9fd00135e576424165691fec4f70d7dc12cfaef09268a2478c",
                "sha256:cd2d11a59afa5001ff28073ceca24ae4c506da4355aba30d1e7dd2bd0d2206dc",
                "sha256:d0a595a781f8e186580ff8e3352dd4953b1944289bec7705377c80c7e36c4d6c",
                "sha256:d3c5f49ce6af61154060640ad3b3281dbc46e2e0ef2fe78414d7f8a324f0b649",
                "sha256:d9a635114b88c0ab462e0355472d00a180a5fbfd8511e7f18e4ac32652e7d972",
                "sha256:e5432d9c329b11c27be45ee5f62cf20a33065d482c8dec1941d6670622a6fb8f",
                "sha256:eab14fdd410500dae50fd14ccc332e65543e7b39f6fc076fe90603a0e5d2f929",
                "sha256:ebcc03e1acef4ff44f37f3c61df478d6e469a573aa688e5a162f85d7e4c3860d",
                "sha256:fae3fe111670e51f1ebbc475823899524e3459ea2db2cb88279bbfb2a0b8a3de",
                "sha256:fd92ece726055e80d4e3f01fff3b91f54b18c9c357c48fcf6119e87e2461a091",
                "sha256:ffa545230ca2ad921ad066bf8fd627e7be43716b6e0fcf8e32af1b8188ccb0ab"
            ],
            "index": "pypi",
            "version": "==6.1.2"
        },
        "django": {
            "hashes": [
                "sha256:0604e84c4fb698a5e53e5857b5aea945b2f19a18f25f10b8748dbdf935788927",
                "sha256:21f0f9643722675976004eb683c55d33c05486f94506672df3d6a141546f389d"
            ],
            "index": "pypi",
            "version": "==3.2"
        },
        "pillow": {
            "hashes": [
                "sha256:066f3999cb3b070a95c3652712cffa1a748cd02d60ad7b4e485c3748a04d9d76",
                "sha256:0a0956fdc5defc34462bb1c765ee88d933239f9a94bc37d132004775241a7585",
                "sha256:0b052a619a8bfcf26bd8b3f48f45283f9e977890263e4571f2393ed8898d331b",
                "sha256:1394a6ad5abc838c5cd8a92c5a07535648cdf6d09e8e2d6df916dfa9ea86ead8",
                "sha256:1bc723b434fbc4ab50bb68e11e93ce5fb69866ad621e3c2c9bdb0cd70e345f55",
                "sha256:244cf3b97802c34c41905d22810846802a3329ddcb93ccc432870243211c79fc",
                "sha256:25a49dc2e2f74e65efaa32b153527fc5ac98508d502fa46e74fa4fd678ed6645",
                "sha256:2e4440b8f00f504ee4b53fe30f4e381aae30b0568193be305256b1462216feff",
                "sha256:3862b7256046fcd950618ed22d1d60b842e3a40a48236a5498746f21189afbbc",
                "sha256:3eb1ce5f65908556c2d8685a8f0a6e989d887ec4057326f6c22b24e8a172c66b",
                "sha256:3f97cfb1e5a392d75dd8b9fd274d205404729923840ca94ca45a0af57e13dbe6",
                "sha256:493cb4e415f44cd601fcec11c99836f707bb714ab03f5ed46ac25713baf0ff20",
                "sha256:4acc0985ddf39d1bc969a9220b51d94ed51695d455c228d8ac29fcdb25810e6e",
                "sha256:5503c86916d27c2e101b7f71c2ae2cddba01a2cf55b8395b0255fd33fa4d1f1a",
                "sha256:5b7bb9de00197fb4261825c15551adf7605cf14a80badf1761d61e59da347779",
                "sha256:5e9ac5f66616b87d4da618a20ab0a38324dbe88d8a39b55be8964eb520021e02",
                "sha256:620582db2a85b2df5f8a82ddeb52116560d7e5e6b055095f04ad828d1b0baa39",
                "sha256:62cc1afda735a8d109007164714e73771b499768b9bb5afcbbee9d0ff374b43f",
                "sha256:70ad9e5c6cb9b8487280a02c0ad8a51581dcbbe8484ce058477692a27c151c0a",
                "sha256:72b9e656e340447f827885b8d7a15fc8c4e68d410dc2297ef6787eec0f0ea409",
                "sha256:72cbcfd54df6caf85cc35264c77ede902452d6df41166010262374155947460c",
                "sha256:792e5c12376594bfcb986ebf3855aa4b7c225754e9a9521298e460e92fb4a488",
                "sha256:7b7017b61bbcdd7f6363aeceb881e23c46583739cb69a3ab39cb384f6ec82e5b",
                "sha256:81f8d5c81e483a9442d72d182e1fb6dcb9723f289a57e8030811bac9ea3fef8d",
                "sha256:82aafa8d5eb68c8463b6e9baeb4f19043bb31fefc03eb7b216b51e6a9981ae09",
                "sha256:84c471a734240653a0ec91dec0996696eea227eafe72a33bd06c92697728046b",
                "sha256:8c803ac3c28bbc53763e6825746f05cc407b20e4a69d0122e526a582e3b5e153",
                "sha256:93ce9e955cc95959df98505e4608ad98281fff037350d8c2671c9aa86bcf10a9",
                "sha256:9a3e5ddc44c14042f0844b8cf7d2cd455f6cc80fd7f5eefbe657292cf601d9ad",
                "sha256:a4901622493f88b1a29bd30ec1a2f683782e57c3c16a2dbc7f2595ba01f639df",
                "sha256:a5a4532a12314149d8b4e4ad8ff09dde7427731fcfa5917ff16d0291f13609df",
                "sha256:b8831cb7332eda5dc89b21a7bce7ef6ad305548820595033a4b03cf3091235ed",
                "sha256:b8e2f83c56e141920c39464b852de3719dfbfb6e3c99a2d8da0edf4fb33176ed",
                "sha256:c70e94281588ef053ae8998039610dbd71bc509e4acbc77ab59d7d2937b10698",
                "sha256:c8a17b5d948f4ceeceb66384727dde11b240736fddeda54ca740b9b8b1556b29",
                "sha256:d82cdb63100ef5eedb8391732375e6d05993b765f72cb34311fab92103314649",
                "sha256:d89363f02658e253dbd171f7c3716a5d340a24ee82d38aab9183f7fdf0cdca49",
                "sha256:d99ec152570e4196772e7a8e4ba5320d2d27bf22fdf11743dd882936ed64305b",
                "sha256:ddc4d832a0f0b4c52fff973a0d44b6c99839a9d016fe4e6a1cb8f3eea96479c2",
                "sha256:e3dacecfbeec9a33e932f00c6cd7996e62f53ad46fbe677577394aaa90ee419a",
                "sha256:eb9fc393f3c61f9054e1ed26e6fe912c7321af2f41ff49d3f83d05bacf22cc78"
            ],
            "index": "pypi",
            "version": "==8.4.0"
        },
        "pytz": {
            "hashes": [
                "sha256:3672058bc3453457b622aab7a1c3bfd5ab0bdae451512f6cf25f64ed37f5b87c",
                "sha256:acad2d8b20a1af07d4e4c9d2e9285c5ed9104354062f275f3fcd88dcef4f1326"
            ],
            "version": "==2021.3"
        },
        "sqlparse": {
            "hashes": [
                "sha256:0c00730c74263a94e5a9919ade150dfc3b19c574389985446148402998287dae",
                "sha256:48719e356bb8b42991bdbb1e8b83223757b93789c00910a616a071910ca4a64d"
            ],
            "markers": "python_version >= '3.5'",
            "version": "==0.4.2"
        }
    },
    "develop": {}
}
